
Microsoft Visual Studio Solution File, Format Version 12.00
# Visual Studio Version 17
VisualStudioVersion = 17.2.32516.85
MinimumVisualStudioVersion = 10.0.40219.1
Project("{FAE04EC0-301F-11D3-BF4B-00C04F79EFBC}") = "AKV.SignAndVerify", "AKV.SignAndVerify.csproj", "{47B730AC-19E0-4C3C-BF28-4B451BADA475}"
EndProject
Global
	GlobalSection(SolutionConfigurationPlatforms) = preSolution
		Debug|Any CPU = Debug|Any CPU
		Release|Any CPU = Release|Any CPU
	EndGlobalSection
	GlobalSection(ProjectConfigurationPlatforms) = postSolution
		{47B730AC-19E0-4C3C-BF28-4B451BADA475}.Debug|Any CPU.ActiveCfg = Debug|Any CPU
		{47B730AC-19E0-4C3C-BF28-4B451BADA475}.Debug|Any CPU.Build.0 = Debug|Any CPU
		{47B730AC-19E0-4C3C-BF28-4B451BADA475}.Release|Any CPU.ActiveCfg = Release|Any CPU
		{47B730AC-19E0-4C3C-BF28-4B451BADA475}.Release|Any CPU.Build.0 = Release|Any CPU
	EndGlobalSection
	GlobalSection(SolutionProperties) = preSolution
		HideSolutionNode = FALSE
	EndGlobalSection
	GlobalSection(ExtensibilityGlobals) = postSolution
		SolutionGuid = {6CCA34C0-3725-4104-AC8D-91BE02522F50}
	EndGlobalSection
EndGlobal
